# THIS IS AN AUTOGENERATED FILE. DO NOT EDIT THIS FILE DIRECTLY.
# yarn lockfile v1


"@fortawesome/fontawesome-free@^5.15.4":
  "integrity" "sha512-eYm8vijH/hpzr/6/1CJ/V/Eb1xQFW2nnUKArb3z+yUWv7HTwj6M7SP957oMjfZjAHU6qpoNc2wQvIxBLWYa/Jg=="
  "resolved" "https://registry.npmjs.org/@fortawesome/fontawesome-free/-/fontawesome-free-5.15.4.tgz"
  "version" "5.15.4"

"@popperjs/core@^2.10.2", "@popperjs/core@^2.11.2":
  "integrity" "sha512-92FRmppjjqz29VMJ2dn+xdyXZBrMlE42AV6Kq6BwjWV7CNUW1hs2FtxSNLQE+gJhaZ6AAmYuO9y8dshhcBl7vA=="
  "resolved" "https://registry.npmjs.org/@popperjs/core/-/core-2.11.2.tgz"
  "version" "2.11.2"

"@types/jquery@^3.5.14":
  "integrity" "sha512-X1gtMRMbziVQkErhTQmSe2jFwwENA/Zr+PprCkF63vFq+Yt5PZ4AlKqgmeNlwgn7dhsXEK888eIW2520EpC+xg=="
  "resolved" "https://registry.npmjs.org/@types/jquery/-/jquery-3.5.14.tgz"
  "version" "3.5.14"
  dependencies:
    "@types/sizzle" "*"

"@types/sizzle@*":
  "integrity" "sha512-JYM8x9EGF163bEyhdJBpR2QX1R5naCJHC8ucJylJ3w9/CVBaskdQ8WqBf8MmQrd1kRvp/a4TS8HJ+bxzR7ZJYQ=="
  "resolved" "https://registry.npmjs.org/@types/sizzle/-/sizzle-2.3.3.tgz"
  "version" "2.3.3"

"bootstrap@^5.1.3":
  "integrity" "sha512-fcQztozJ8jToQWXxVuEyXWW+dSo8AiXWKwiSSrKWsRB/Qt+Ewwza+JWoLKiTuQLaEPhdNAJ7+Dosc9DOIqNy7Q=="
  "resolved" "https://registry.npmjs.org/bootstrap/-/bootstrap-5.1.3.tgz"
  "version" "5.1.3"

"jquery@^3.6.0":
  "integrity" "sha512-JVzAR/AjBvVt2BmYhxRCSYysDsPcssdmTFnzyLEts9qNwmjmu4JTAMYubEfwVOSwpQ1I1sKKFcxhZCI2buerfw=="
  "resolved" "https://registry.npmjs.org/jquery/-/jquery-3.6.0.tgz"
  "version" "3.6.0"
